
Microsoft Visual Studio Solution File, Format Version 12.00
# Visual Studio Version 17
VisualStudioVersion = 17.14.36109.1
MinimumVisualStudioVersion = 10.0.40219.1
Project("{FAE04EC0-301F-11D3-BF4B-00C04F79EFBC}") = "EventSourcing.Domain", "EventSourcing.Domain\EventSourcing.Domain.csproj", "{DD5EC0CC-D243-4517-8C16-E087ED2597C2}"
EndProject
Project("{FAE04EC0-301F-11D3-BF4B-00C04F79EFBC}") = "EventSourcing.Infrastructure", "EventSourcing.Infrastructure\EventSourcing.Infrastructure.csproj", "{A1DFEDD8-C76B-4C49-8C42-C563569A1075}"
EndProject
Project("{FAE04EC0-301F-11D3-BF4B-00C04F79EFBC}") = "EventSourcing.Application", "EventSourcing.Application\EventSourcing.Application.csproj", "{19ACFCA6-DB46-4D27-AD57-D9AB46CE34C0}"
EndProject
Project("{FAE04EC0-301F-11D3-BF4B-00C04F79EFBC}") = "EventSourcing.API", "EventSourcing.API\EventSourcing.API.csproj", "{ABC754B5-F664-4554-BF69-C9D02D06254B}"
EndProject
Project("{2150E333-8FDC-42A3-9474-1A3956D46DE8}") = "Solution Items", "Solution Items", "{8EC462FD-D22E-90A8-E5CE-7E832BA40C5D}"
	ProjectSection(SolutionItems) = preProject
		docker-compose.yaml = docker-compose.yaml
	EndProjectSection
EndProject
Project("{FAE04EC0-301F-11D3-BF4B-00C04F79EFBC}") = "EventSourcing.Tests", "EventSourcing.Tests\EventSourcing.Tests.csproj", "{900AF593-3D86-4E0F-829E-7AE995E32856}"
EndProject
Global
	GlobalSection(SolutionConfigurationPlatforms) = preSolution
		Debug|Any CPU = Debug|Any CPU
		Release|Any CPU = Release|Any CPU
	EndGlobalSection
	GlobalSection(ProjectConfigurationPlatforms) = postSolution
		{DD5EC0CC-D243-4517-8C16-E087ED2597C2}.Debug|Any CPU.ActiveCfg = Debug|Any CPU
		{DD5EC0CC-D243-4517-8C16-E087ED2597C2}.Debug|Any CPU.Build.0 = Debug|Any CPU
		{DD5EC0CC-D243-4517-8C16-E087ED2597C2}.Release|Any CPU.ActiveCfg = Release|Any CPU
		{DD5EC0CC-D243-4517-8C16-E087ED2597C2}.Release|Any CPU.Build.0 = Release|Any CPU
		{A1DFEDD8-C76B-4C49-8C42-C563569A1075}.Debug|Any CPU.ActiveCfg = Debug|Any CPU
		{A1DFEDD8-C76B-4C49-8C42-C563569A1075}.Debug|Any CPU.Build.0 = Debug|Any CPU
		{A1DFEDD8-C76B-4C49-8C42-C563569A1075}.Release|Any CPU.ActiveCfg = Release|Any CPU
		{A1DFEDD8-C76B-4C49-8C42-C563569A1075}.Release|Any CPU.Build.0 = Release|Any CPU
		{19ACFCA6-DB46-4D27-AD57-D9AB46CE34C0}.Debug|Any CPU.ActiveCfg = Debug|Any CPU
		{19ACFCA6-DB46-4D27-AD57-D9AB46CE34C0}.Debug|Any CPU.Build.0 = Debug|Any CPU
		{19ACFCA6-DB46-4D27-AD57-D9AB46CE34C0}.Release|Any CPU.ActiveCfg = Release|Any CPU
		{19ACFCA6-DB46-4D27-AD57-D9AB46CE34C0}.Release|Any CPU.Build.0 = Release|Any CPU
		{ABC754B5-F664-4554-BF69-C9D02D06254B}.Debug|Any CPU.ActiveCfg = Debug|Any CPU
		{ABC754B5-F664-4554-BF69-C9D02D06254B}.Debug|Any CPU.Build.0 = Debug|Any CPU
		{ABC754B5-F664-4554-BF69-C9D02D06254B}.Release|Any CPU.ActiveCfg = Release|Any CPU
		{ABC754B5-F664-4554-BF69-C9D02D06254B}.Release|Any CPU.Build.0 = Release|Any CPU
		{900AF593-3D86-4E0F-829E-7AE995E32856}.Debug|Any CPU.ActiveCfg = Debug|Any CPU
		{900AF593-3D86-4E0F-829E-7AE995E32856}.Debug|Any CPU.Build.0 = Debug|Any CPU
		{900AF593-3D86-4E0F-829E-7AE995E32856}.Release|Any CPU.ActiveCfg = Release|Any CPU
		{900AF593-3D86-4E0F-829E-7AE995E32856}.Release|Any CPU.Build.0 = Release|Any CPU
	EndGlobalSection
	GlobalSection(SolutionProperties) = preSolution
		HideSolutionNode = FALSE
	EndGlobalSection
	GlobalSection(ExtensibilityGlobals) = postSolution
		SolutionGuid = {4EB571FE-8481-4127-9DDC-BCB191BAC3CA}
	EndGlobalSection
EndGlobal
